
Microsoft Visual Studio Solution File, Format Version 12.00
# Visual Studio Version 16
VisualStudioVersion = 16.0.29326.143
MinimumVisualStudioVersion = 10.0.40219.1
Project("{FAE04EC0-301F-11D3-BF4B-00C04F79EFBC}") = "BrainMood.Harvester", "Harvester\BrainMood.Harvester.csproj", "{90551D3F-526B-45DC-9500-49C01A304148}"
EndProject
Global
	GlobalSection(SolutionConfigurationPlatforms) = preSolution
		Debug|Any CPU = Debug|Any CPU
		Release|Any CPU = Release|Any CPU
	EndGlobalSection
	GlobalSection(ProjectConfigurationPlatforms) = postSolution
		{90551D3F-526B-45DC-9500-49C01A304148}.Debug|Any CPU.ActiveCfg = Debug|Any CPU
		{90551D3F-526B-45DC-9500-49C01A304148}.Debug|Any CPU.Build.0 = Debug|Any CPU
		{90551D3F-526B-45DC-9500-49C01A304148}.Release|Any CPU.ActiveCfg = Release|Any CPU
		{90551D3F-526B-45DC-9500-49C01A304148}.Release|Any CPU.Build.0 = Release|Any CPU
	EndGlobalSection
	GlobalSection(SolutionProperties) = preSolution
		HideSolutionNode = FALSE
	EndGlobalSection
	GlobalSection(ExtensibilityGlobals) = postSolution
		SolutionGuid = {69724B46-432A-4761-85C5-7F4349CC7ABE}
	EndGlobalSection
EndGlobal
