
Microsoft Visual Studio Solution File, Format Version 12.00
# Visual Studio Version 16
VisualStudioVersion = 16.0.29326.143
MinimumVisualStudioVersion = 10.0.40219.1
Project("{9A19103F-16F7-4668-BE54-9A1E7A4F7556}") = "BrainMood.Harvester", "Harvester\BrainMood.Harvester.csproj", "{90551D3F-526B-45DC-9500-49C01A304148}"
EndProject
Project("{9A19103F-16F7-4668-BE54-9A1E7A4F7556}") = "BrainMoodML.Model", "BrainMoodML.Model\BrainMoodML.Model.csproj", "{6C340E57-4FA3-41F2-B2F3-A871210755CD}"
EndProject
Project("{9A19103F-16F7-4668-BE54-9A1E7A4F7556}") = "BrainMoodML.ConsoleApp", "BrainMoodML.ConsoleApp\BrainMoodML.ConsoleApp.csproj", "{EE519BE2-4037-4A6A-B005-577647E773CB}"
EndProject
Global
	GlobalSection(SolutionConfigurationPlatforms) = preSolution
		Debug|Any CPU = Debug|Any CPU
		Release|Any CPU = Release|Any CPU
	EndGlobalSection
	GlobalSection(ProjectConfigurationPlatforms) = postSolution
		{90551D3F-526B-45DC-9500-49C01A304148}.Debug|Any CPU.ActiveCfg = Debug|Any CPU
		{90551D3F-526B-45DC-9500-49C01A304148}.Debug|Any CPU.Build.0 = Debug|Any CPU
		{90551D3F-526B-45DC-9500-49C01A304148}.Release|Any CPU.ActiveCfg = Release|Any CPU
		{90551D3F-526B-45DC-9500-49C01A304148}.Release|Any CPU.Build.0 = Release|Any CPU
		{6C340E57-4FA3-41F2-B2F3-A871210755CD}.Debug|Any CPU.ActiveCfg = Debug|Any CPU
		{6C340E57-4FA3-41F2-B2F3-A871210755CD}.Debug|Any CPU.Build.0 = Debug|Any CPU
		{6C340E57-4FA3-41F2-B2F3-A871210755CD}.Release|Any CPU.ActiveCfg = Release|Any CPU
		{6C340E57-4FA3-41F2-B2F3-A871210755CD}.Release|Any CPU.Build.0 = Release|Any CPU
		{EE519BE2-4037-4A6A-B005-577647E773CB}.Debug|Any CPU.ActiveCfg = Debug|Any CPU
		{EE519BE2-4037-4A6A-B005-577647E773CB}.Debug|Any CPU.Build.0 = Debug|Any CPU
		{EE519BE2-4037-4A6A-B005-577647E773CB}.Release|Any CPU.ActiveCfg = Release|Any CPU
		{EE519BE2-4037-4A6A-B005-577647E773CB}.Release|Any CPU.Build.0 = Release|Any CPU
	EndGlobalSection
	GlobalSection(SolutionProperties) = preSolution
		HideSolutionNode = FALSE
	EndGlobalSection
	GlobalSection(ExtensibilityGlobals) = postSolution
		SolutionGuid = {69724B46-432A-4761-85C5-7F4349CC7ABE}
	EndGlobalSection
EndGlobal
